// !$*UTF8*$!
{
	archiveVersion = 1;
	classes = {
	};
	objectVersion = 50;
	objects = {

/* Begin PBXBuildFile section */
		F15677282483EDA8008DE799 /* DetailViewController.swift in Sources */ = {isa = PBXBuildFile; fileRef = F15677272483EDA8008DE799 /* DetailViewController.swift */; };
		F16B7485248326FD00A8AEE2 /* AppDelegate.swift in Sources */ = {isa = PBXBuildFile; fileRef = F16B7484248326FD00A8AEE2 /* AppDelegate.swift */; };
		F16B7487248326FD00A8AEE2 /* SceneDelegate.swift in Sources */ = {isa = PBXBuildFile; fileRef = F16B7486248326FD00A8AEE2 /* SceneDelegate.swift */; };
		F16B7489248326FD00A8AEE2 /* ViewController.swift in Sources */ = {isa = PBXBuildFile; fileRef = F16B7488248326FD00A8AEE2 /* ViewController.swift */; };
		F16B748C248326FD00A8AEE2 /* Main.storyboard in Resources */ = {isa = PBXBuildFile; fileRef = F16B748A248326FD00A8AEE2 /* Main.storyboard */; };
		F16B748E248326FE00A8AEE2 /* Assets.xcassets in Resources */ = {isa = PBXBuildFile; fileRef = F16B748D248326FE00A8AEE2 /* Assets.xcassets */; };
		F16B7491248326FE00A8AEE2 /* LaunchScreen.storyboard in Resources */ = {isa = PBXBuildFile; fileRef = F16B748F248326FE00A8AEE2 /* LaunchScreen.storyboard */; };
		F16B74A32483D3BD00A8AEE2 /* nssl0049.jpg in Resources */ = {isa = PBXBuildFile; fileRef = F16B74992483D3BD00A8AEE2 /* nssl0049.jpg */; };
		F16B74A42483D3BD00A8AEE2 /* nssl0046.jpg in Resources */ = {isa = PBXBuildFile; fileRef = F16B749A2483D3BD00A8AEE2 /* nssl0046.jpg */; };
		F16B74A52483D3BD00A8AEE2 /* nssl0091.jpg in Resources */ = {isa = PBXBuildFile; fileRef = F16B749B2483D3BD00A8AEE2 /* nssl0091.jpg */; };
		F16B74A62483D3BD00A8AEE2 /* nssl0045.jpg in Resources */ = {isa = PBXBuildFile; fileRef = F16B749C2483D3BD00A8AEE2 /* nssl0045.jpg */; };
		F16B74A72483D3BD00A8AEE2 /* nssl0051.jpg in Resources */ = {isa = PBXBuildFile; fileRef = F16B749D2483D3BD00A8AEE2 /* nssl0051.jpg */; };
		F16B74A82483D3BD00A8AEE2 /* nssl0041.jpg in Resources */ = {isa = PBXBuildFile; fileRef = F16B749E2483D3BD00A8AEE2 /* nssl0041.jpg */; };
		F16B74A92483D3BD00A8AEE2 /* nssl0042.jpg in Resources */ = {isa = PBXBuildFile; fileRef = F16B749F2483D3BD00A8AEE2 /* nssl0042.jpg */; };
		F16B74AA2483D3BD00A8AEE2 /* nssl0043.jpg in Resources */ = {isa = PBXBuildFile; fileRef = F16B74A02483D3BD00A8AEE2 /* nssl0043.jpg */; };
		F16B74AB2483D3BD00A8AEE2 /* nssl0033.jpg in Resources */ = {isa = PBXBuildFile; fileRef = F16B74A12483D3BD00A8AEE2 /* nssl0033.jpg */; };
		F16B74AC2483D3BD00A8AEE2 /* nssl0034.jpg in Resources */ = {isa = PBXBuildFile; fileRef = F16B74A22483D3BD00A8AEE2 /* nssl0034.jpg */; };
/* End PBXBuildFile section */

/* Begin PBXFileReference section */
		F15677272483EDA8008DE799 /* DetailViewController.swift */ = {isa = PBXFileReference; lastKnownFileType = sourcecode.swift; path = DetailViewController.swift; sourceTree = "<group>"; };
		F16B7481248326FD00A8AEE2 /* stormViewer.app */ = {isa = PBXFileReference; explicitFileType = wrapper.application; includeInIndex = 0; path = stormViewer.app; sourceTree = BUILT_PRODUCTS_DIR; };
		F16B7484248326FD00A8AEE2 /* AppDelegate.swift */ = {isa = PBXFileReference; lastKnownFileType = sourcecode.swift; path = AppDelegate.swift; sourceTree = "<group>"; };
		F16B7486248326FD00A8AEE2 /* SceneDelegate.swift */ = {isa = PBXFileReference; lastKnownFileType = sourcecode.swift; path = SceneDelegate.swift; sourceTree = "<group>"; };
		F16B7488248326FD00A8AEE2 /* ViewController.swift */ = {isa = PBXFileReference; lastKnownFileType = sourcecode.swift; path = ViewController.swift; sourceTree = "<group>"; };
		F16B748B248326FD00A8AEE2 /* Base */ = {isa = PBXFileReference; lastKnownFileType = file.storyboard; name = Base; path = Base.lproj/Main.storyboard; sourceTree = "<group>"; };
		F16B748D248326FE00A8AEE2 /* Assets.xcassets */ = {isa = PBXFileReference; lastKnownFileType = folder.assetcatalog; path = Assets.xcassets; sourceTree = "<group>"; };
		F16B7490248326FE00A8AEE2 /* Base */ = {isa = PBXFileReference; lastKnownFileType = file.storyboard; name = Base; path = Base.lproj/LaunchScreen.storyboard; sourceTree = "<group>"; };
		F16B7492248326FE00A8AEE2 /* Info.plist */ = {isa = PBXFileReference; lastKnownFileType = text.plist.xml; path = Info.plist; sourceTree = "<group>"; };
		F16B74992483D3BD00A8AEE2 /* nssl0049.jpg */ = {isa = PBXFileReference; lastKnownFileType = image.jpeg; path = nssl0049.jpg; sourceTree = "<group>"; };
		F16B749A2483D3BD00A8AEE2 /* nssl0046.jpg */ = {isa = PBXFileReference; lastKnownFileType = image.jpeg; path = nssl0046.jpg; sourceTree = "<group>"; };
		F16B749B2483D3BD00A8AEE2 /* nssl0091.jpg */ = {isa = PBXFileReference; lastKnownFileType = image.jpeg; path = nssl0091.jpg; sourceTree = "<group>"; };
		F16B749C2483D3BD00A8AEE2 /* nssl0045.jpg */ = {isa = PBXFileReference; lastKnownFileType = image.jpeg; path = nssl0045.jpg; sourceTree = "<group>"; };
		F16B749D2483D3BD00A8AEE2 /* nssl0051.jpg */ = {isa = PBXFileReference; lastKnownFileType = image.jpeg; path = nssl0051.jpg; sourceTree = "<group>"; };
		F16B749E2483D3BD00A8AEE2 /* nssl0041.jpg */ = {isa = PBXFileReference; lastKnownFileType = image.jpeg; path = nssl0041.jpg; sourceTree = "<group>"; };
		F16B749F2483D3BD00A8AEE2 /* nssl0042.jpg */ = {isa = PBXFileReference; lastKnownFileType = image.jpeg; path = nssl0042.jpg; sourceTree = "<group>"; };
		F16B74A02483D3BD00A8AEE2 /* nssl0043.jpg */ = {isa = PBXFileReference; lastKnownFileType = image.jpeg; path = nssl0043.jpg; sourceTree = "<group>"; };
		F16B74A12483D3BD00A8AEE2 /* nssl0033.jpg */ = {isa = PBXFileReference; lastKnownFileType = image.jpeg; path = nssl0033.jpg; sourceTree = "<group>"; };
		F16B74A22483D3BD00A8AEE2 /* nssl0034.jpg */ = {isa = PBXFileReference; lastKnownFileType = image.jpeg; path = nssl0034.jpg; sourceTree = "<group>"; };
/* End PBXFileReference section */

/* Begin PBXFrameworksBuildPhase section */
		F16B747E248326FD00A8AEE2 /* Frameworks */ = {
			isa = PBXFrameworksBuildPhase;
			buildActionMask = 2147483647;
			files = (
			);
			runOnlyForDeploymentPostprocessing = 0;
		};
/* End PBXFrameworksBuildPhase section */

/* Begin PBXGroup section */
		F16B7478248326FD00A8AEE2 = {
			isa = PBXGroup;
			children = (
				F16B7483248326FD00A8AEE2 /* stormViewer */,
				F16B7482248326FD00A8AEE2 /* Products */,
			);
			sourceTree = "<group>";
		};
		F16B7482248326FD00A8AEE2 /* Products */ = {
			isa = PBXGroup;
			children = (
				F16B7481248326FD00A8AEE2 /* stormViewer.app */,
			);
			name = Products;
			sourceTree = "<group>";
		};
		F16B7483248326FD00A8AEE2 /* stormViewer */ = {
			isa = PBXGroup;
			children = (
				F16B7484248326FD00A8AEE2 /* AppDelegate.swift */,
				F16B7486248326FD00A8AEE2 /* SceneDelegate.swift */,
				F16B7488248326FD00A8AEE2 /* ViewController.swift */,
				F16B748A248326FD00A8AEE2 /* Main.storyboard */,
				F15677272483EDA8008DE799 /* DetailViewController.swift */,
				F16B748D248326FE00A8AEE2 /* Assets.xcassets */,
				F16B748F248326FE00A8AEE2 /* LaunchScreen.storyboard */,
				F16B7492248326FE00A8AEE2 /* Info.plist */,
				F16B74982483D3BD00A8AEE2 /* Content */,
			);
			path = stormViewer;
			sourceTree = "<group>";
		};
		F16B74982483D3BD00A8AEE2 /* Content */ = {
			isa = PBXGroup;
			children = (
				F16B74992483D3BD00A8AEE2 /* nssl0049.jpg */,
				F16B749A2483D3BD00A8AEE2 /* nssl0046.jpg */,
				F16B749B2483D3BD00A8AEE2 /* nssl0091.jpg */,
				F16B749C2483D3BD00A8AEE2 /* nssl0045.jpg */,
				F16B749D2483D3BD00A8AEE2 /* nssl0051.jpg */,
				F16B749E2483D3BD00A8AEE2 /* nssl0041.jpg */,
				F16B749F2483D3BD00A8AEE2 /* nssl0042.jpg */,
				F16B74A02483D3BD00A8AEE2 /* nssl0043.jpg */,
				F16B74A12483D3BD00A8AEE2 /* nssl0033.jpg */,
				F16B74A22483D3BD00A8AEE2 /* nssl0034.jpg */,
			);
			name = Content;
			path = "../../../HackingWithSwift-master/Classic/project1-files/Content";
			sourceTree = "<group>";
		};
/* End PBXGroup section */

/* Begin PBXNativeTarget section */
		F16B7480248326FD00A8AEE2 /* stormViewer */ = {
			isa = PBXNativeTarget;
			buildConfigurationList = F16B7495248326FE00A8AEE2 /* Build configuration list for PBXNativeTarget "stormViewer" */;
			buildPhases = (
				F16B747D248326FD00A8AEE2 /* Sources */,
				F16B747E248326FD00A8AEE2 /* Frameworks */,
				F16B747F248326FD00A8AEE2 /* Resources */,
			);
			buildRules = (
			);
			dependencies = (
			);
			name = stormViewer;
			productName = stormViewer;
			productReference = F16B7481248326FD00A8AEE2 /* stormViewer.app */;
			productType = "com.apple.product-type.application";
		};
/* End PBXNativeTarget section */

/* Begin PBXProject section */
		F16B7479248326FD00A8AEE2 /* Project object */ = {
			isa = PBXProject;
			attributes = {
				LastSwiftUpdateCheck = 1130;
				LastUpgradeCheck = 1130;
				ORGANIZATIONNAME = "Marina Beatriz Santana de Aguiar";
				TargetAttributes = {
					F16B7480248326FD00A8AEE2 = {
						CreatedOnToolsVersion = 11.3.1;
					};
				};
			};
			buildConfigurationList = F16B747C248326FD00A8AEE2 /* Build configuration list for PBXProject "stormViewer" */;
			compatibilityVersion = "Xcode 9.3";
			developmentRegion = en;
			hasScannedForEncodings = 0;
			knownRegions = (
				en,
				Base,
			);
			mainGroup = F16B7478248326FD00A8AEE2;
			productRefGroup = F16B7482248326FD00A8AEE2 /* Products */;
			projectDirPath = "";
			projectRoot = "";
			targets = (
				F16B7480248326FD00A8AEE2 /* stormViewer */,
			);
		};
/* End PBXProject section */

/* Begin PBXResourcesBuildPhase section */
		F16B747F248326FD00A8AEE2 /* Resources */ = {
			isa = PBXResourcesBuildPhase;
			buildActionMask = 2147483647;
			files = (
				F16B74A42483D3BD00A8AEE2 /* nssl0046.jpg in Resources */,
				F16B74AB2483D3BD00A8AEE2 /* nssl0033.jpg in Resources */,
				F16B74A72483D3BD00A8AEE2 /* nssl0051.jpg in Resources */,
				F16B74A52483D3BD00A8AEE2 /* nssl0091.jpg in Resources */,
				F16B74AA2483D3BD00A8AEE2 /* nssl0043.jpg in Resources */,
				F16B74AC2483D3BD00A8AEE2 /* nssl0034.jpg in Resources */,
				F16B74A32483D3BD00A8AEE2 /* nssl0049.jpg in Resources */,
				F16B74A82483D3BD00A8AEE2 /* nssl0041.jpg in Resources */,
				F16B74A92483D3BD00A8AEE2 /* nssl0042.jpg in Resources */,
				F16B7491248326FE00A8AEE2 /* LaunchScreen.storyboard in Resources */,
				F16B748E248326FE00A8AEE2 /* Assets.xcassets in Resources */,
				F16B74A62483D3BD00A8AEE2 /* nssl0045.jpg in Resources */,
				F16B748C248326FD00A8AEE2 /* Main.storyboard in Resources */,
			);
			runOnlyForDeploymentPostprocessing = 0;
		};
/* End PBXResourcesBuildPhase section */

/* Begin PBXSourcesBuildPhase section */
		F16B747D248326FD00A8AEE2 /* Sources */ = {
			isa = PBXSourcesBuildPhase;
			buildActionMask = 2147483647;
			files = (
				F16B7489248326FD00A8AEE2 /* ViewController.swift in Sources */,
				F15677282483EDA8008DE799 /* DetailViewController.swift in Sources */,
				F16B7485248326FD00A8AEE2 /* AppDelegate.swift in Sources */,
				F16B7487248326FD00A8AEE2 /* SceneDelegate.swift in Sources */,
			);
			runOnlyForDeploymentPostprocessing = 0;
		};
/* End PBXSourcesBuildPhase section */

/* Begin PBXVariantGroup section */
		F16B748A248326FD00A8AEE2 /* Main.storyboard */ = {
			isa = PBXVariantGroup;
			children = (
				F16B748B248326FD00A8AEE2 /* Base */,
			);
			name = Main.storyboard;
			sourceTree = "<group>";
		};
		F16B748F248326FE00A8AEE2 /* LaunchScreen.storyboard */ = {
			isa = PBXVariantGroup;
			children = (
				F16B7490248326FE00A8AEE2 /* Base */,
			);
			name = LaunchScreen.storyboard;
			sourceTree = "<group>";
		};
/* End PBXVariantGroup section */

/* Begin XCBuildConfiguration section */
		F16B7493248326FE00A8AEE2 /* Debug */ = {
			isa = XCBuildConfiguration;
			buildSettings = {
				ALWAYS_SEARCH_USER_PATHS = NO;
				CLANG_ANALYZER_NONNULL = YES;
				CLANG_ANALYZER_NUMBER_OBJECT_CONVERSION = YES_AGGRESSIVE;
				CLANG_CXX_LANGUAGE_STANDARD = "gnu++14";
				CLANG_CXX_LIBRARY = "libc++";
				CLANG_ENABLE_MODULES = YES;
				CLANG_ENABLE_OBJC_ARC = YES;
				CLANG_ENABLE_OBJC_WEAK = YES;
				CLANG_WARN_BLOCK_CAPTURE_AUTORELEASING = YES;
				CLANG_WARN_BOOL_CONVERSION = YES;
				CLANG_WARN_COMMA = YES;
				CLANG_WARN_CONSTANT_CONVERSION = YES;
				CLANG_WARN_DEPRECATED_OBJC_IMPLEMENTATIONS = YES;
				CLANG_WARN_DIRECT_OBJC_ISA_USAGE = YES_ERROR;
				CLANG_WARN_DOCUMENTATION_COMMENTS = YES;
				CLANG_WARN_EMPTY_BODY = YES;
				CLANG_WARN_ENUM_CONVERSION = YES;
				CLANG_WARN_INFINITE_RECURSION = YES;
				CLANG_WARN_INT_CONVERSION = YES;
				CLANG_WARN_NON_LITERAL_NULL_CONVERSION = YES;
				CLANG_WARN_OBJC_IMPLICIT_RETAIN_SELF = YES;
				CLANG_WARN_OBJC_LITERAL_CONVERSION = YES;
				CLANG_WARN_OBJC_ROOT_CLASS = YES_ERROR;
				CLANG_WARN_RANGE_LOOP_ANALYSIS = YES;
				CLANG_WARN_STRICT_PROTOTYPES = YES;
				CLANG_WARN_SUSPICIOUS_MOVE = YES;
				CLANG_WARN_UNGUARDED_AVAILABILITY = YES_AGGRESSIVE;
				CLANG_WARN_UNREACHABLE_CODE = YES;
				CLANG_WARN__DUPLICATE_METHOD_MATCH = YES;
				COPY_PHASE_STRIP = NO;
				DEBUG_INFORMATION_FORMAT = dwarf;
				ENABLE_STRICT_OBJC_MSGSEND = YES;
				ENABLE_TESTABILITY = YES;
				GCC_C_LANGUAGE_STANDARD = gnu11;
				GCC_DYNAMIC_NO_PIC = NO;
				GCC_NO_COMMON_BLOCKS = YES;
				GCC_OPTIMIZATION_LEVEL = 0;
				GCC_PREPROCESSOR_DEFINITIONS = (
					"DEBUG=1",
					"$(inherited)",
				);
				GCC_WARN_64_TO_32_BIT_CONVERSION = YES;
				GCC_WARN_ABOUT_RETURN_TYPE = YES_ERROR;
				GCC_WARN_UNDECLARED_SELECTOR = YES;
				GCC_WARN_UNINITIALIZED_AUTOS = YES_AGGRESSIVE;
				GCC_WARN_UNUSED_FUNCTION = YES;
				GCC_WARN_UNUSED_VARIABLE = YES;
				IPHONEOS_DEPLOYMENT_TARGET = 13.2;
				MTL_ENABLE_DEBUG_INFO = INCLUDE_SOURCE;
				MTL_FAST_MATH = YES;
				ONLY_ACTIVE_ARCH = YES;
				SDKROOT = iphoneos;
				SWIFT_ACTIVE_COMPILATION_CONDITIONS = DEBUG;
				SWIFT_OPTIMIZATION_LEVEL = "-Onone";
			};
			name = Debug;
		};
		F16B7494248326FE00A8AEE2 /* Release */ = {
			isa = XCBuildConfiguration;
			buildSettings = {
				ALWAYS_SEARCH_USER_PATHS = NO;
				CLANG_ANALYZER_NONNULL = YES;
				CLANG_ANALYZER_NUMBER_OBJECT_CONVERSION = YES_AGGRESSIVE;
				CLANG_CXX_LANGUAGE_STANDARD = "gnu++14";
				CLANG_CXX_LIBRARY = "libc++";
				CLANG_ENABLE_MODULES = YES;
				CLANG_ENABLE_OBJC_ARC = YES;
				CLANG_ENABLE_OBJC_WEAK = YES;
				CLANG_WARN_BLOCK_CAPTURE_AUTORELEASING = YES;
				CLANG_WARN_BOOL_CONVERSION = YES;
				CLANG_WARN_COMMA = YES;
				CLANG_WARN_CONSTANT_CONVERSION = YES;
				CLANG_WARN_DEPRECATED_OBJC_IMPLEMENTATIONS = YES;
				CLANG_WARN_DIRECT_OBJC_ISA_USAGE = YES_ERROR;
				CLANG_WARN_DOCUMENTATION_COMMENTS = YES;
				CLANG_WARN_EMPTY_BODY = YES;
				CLANG_WARN_ENUM_CONVERSION = YES;
				CLANG_WARN_INFINITE_RECURSION = YES;
				CLANG_WARN_INT_CONVERSION = YES;
				CLANG_WARN_NON_LITERAL_NULL_CONVERSION = YES;
				CLANG_WARN_OBJC_IMPLICIT_RETAIN_SELF = YES;
				CLANG_WARN_OBJC_LITERAL_CONVERSION = YES;
				CLANG_WARN_OBJC_ROOT_CLASS = YES_ERROR;
				CLANG_WARN_RANGE_LOOP_ANALYSIS = YES;
				CLANG_WARN_STRICT_PROTOTYPES = YES;
				CLANG_WARN_SUSPICIOUS_MOVE = YES;
				CLANG_WARN_UNGUARDED_AVAILABILITY = YES_AGGRESSIVE;
				CLANG_WARN_UNREACHABLE_CODE = YES;
				CLANG_WARN__DUPLICATE_METHOD_MATCH = YES;
				COPY_PHASE_STRIP = NO;
				DEBUG_INFORMATION_FORMAT = "dwarf-with-dsym";
				ENABLE_NS_ASSERTIONS = NO;
				ENABLE_STRICT_OBJC_MSGSEND = YES;
				GCC_C_LANGUAGE_STANDARD = gnu11;
				GCC_NO_COMMON_BLOCKS = YES;
				GCC_WARN_64_TO_32_BIT_CONVERSION = YES;
				GCC_WARN_ABOUT_RETURN_TYPE = YES_ERROR;
				GCC_WARN_UNDECLARED_SELECTOR = YES;
				GCC_WARN_UNINITIALIZED_AUTOS = YES_AGGRESSIVE;
				GCC_WARN_UNUSED_FUNCTION = YES;
				GCC_WARN_UNUSED_VARIABLE = YES;
				IPHONEOS_DEPLOYMENT_TARGET = 13.2;
				MTL_ENABLE_DEBUG_INFO = NO;
				MTL_FAST_MATH = YES;
				SDKROOT = iphoneos;
				SWIFT_COMPILATION_MODE = wholemodule;
				SWIFT_OPTIMIZATION_LEVEL = "-O";
				VALIDATE_PRODUCT = YES;
			};
			name = Release;
		};
		F16B7496248326FE00A8AEE2 /* Debug */ = {
			isa = XCBuildConfiguration;
			buildSettings = {
				ASSETCATALOG_COMPILER_APPICON_NAME = AppIcon;
				CODE_SIGN_STYLE = Automatic;
				DEVELOPMENT_TEAM = L68H6X9MR3;
				INFOPLIST_FILE = stormViewer/Info.plist;
				LD_RUNPATH_SEARCH_PATHS = (
					"$(inherited)",
					"@executable_path/Frameworks",
				);
				PRODUCT_BUNDLE_IDENTIFIER = com.mbsa.stormViewer;
				PRODUCT_NAME = "$(TARGET_NAME)";
				SWIFT_VERSION = 5.0;
				TARGETED_DEVICE_FAMILY = "1,2";
			};
			name = Debug;
		};
		F16B7497248326FE00A8AEE2 /* Release */ = {
			isa = XCBuildConfiguration;
			buildSettings = {
				ASSETCATALOG_COMPILER_APPICON_NAME = AppIcon;
				CODE_SIGN_STYLE = Automatic;
				DEVELOPMENT_TEAM = L68H6X9MR3;
				INFOPLIST_FILE = stormViewer/Info.plist;
				LD_RUNPATH_SEARCH_PATHS = (
					"$(inherited)",
					"@executable_path/Frameworks",
				);
				PRODUCT_BUNDLE_IDENTIFIER = com.mbsa.stormViewer;
				PRODUCT_NAME = "$(TARGET_NAME)";
				SWIFT_VERSION = 5.0;
				TARGETED_DEVICE_FAMILY = "1,2";
			};
			name = Release;
		};
/* End XCBuildConfiguration section */

/* Begin XCConfigurationList section */
		F16B747C248326FD00A8AEE2 /* Build configuration list for PBXProject "stormViewer" */ = {
			isa = XCConfigurationList;
			buildConfigurations = (
				F16B7493248326FE00A8AEE2 /* Debug */,
				F16B7494248326FE00A8AEE2 /* Release */,
			);
			defaultConfigurationIsVisible = 0;
			defaultConfigurationName = Release;
		};
		F16B7495248326FE00A8AEE2 /* Build configuration list for PBXNativeTarget "stormViewer" */ = {
			isa = XCConfigurationList;
			buildConfigurations = (
				F16B7496248326FE00A8AEE2 /* Debug */,
				F16B7497248326FE00A8AEE2 /* Release */,
			);
			defaultConfigurationIsVisible = 0;
			defaultConfigurationName = Release;
		};
/* End XCConfigurationList section */
	};
	rootObject = F16B7479248326FD00A8AEE2 /* Project object */;
}
